
Microsoft Visual Studio Solution File, Format Version 12.00
# Visual Studio Version 16
VisualStudioVersion = 16.0.35425.106
MinimumVisualStudioVersion = 10.0.40219.1
Project("{FAE04EC0-301F-11D3-BF4B-00C04F79EFBC}") = "WebApplication", "WebApplication\WebApplication.csproj", "{133B5B08-A84C-44D4-AFA5-044D9CFC84ED}"
EndProject
Project("{FAE04EC0-301F-11D3-BF4B-00C04F79EFBC}") = "WebApplication.Application", "WebApplication.AppService\WebApplication.Application.csproj", "{C107DA0A-E2CC-40AC-88C1-1D61D0F45616}"
EndProject
Project("{FAE04EC0-301F-11D3-BF4B-00C04F79EFBC}") = "WebApplication.Domain", "WebApplication.Domain\WebApplication.Domain.csproj", "{AB14473E-C508-40F9-8CAE-0927DA23B669}"
EndProject
Project("{FAE04EC0-301F-11D3-BF4B-00C04F79EFBC}") = "WebApplication.Infra.Data", "WebApplication.Infra.Data\WebApplication.Infra.Data.csproj", "{A804222B-A424-49C5-9B6E-B306FFE53389}"
EndProject
Project("{FAE04EC0-301F-11D3-BF4B-00C04F79EFBC}") = "WebApplication.Infra.IoC", "WebApplication.Infra.IoC\WebApplication.Infra.IoC.csproj", "{A29E310A-4A0B-447A-98C8-9319770B6F52}"
EndProject
Global
	GlobalSection(SolutionConfigurationPlatforms) = preSolution
		Debug|Any CPU = Debug|Any CPU
		Release|Any CPU = Release|Any CPU
	EndGlobalSection
	GlobalSection(ProjectConfigurationPlatforms) = postSolution
		{133B5B08-A84C-44D4-AFA5-044D9CFC84ED}.Debug|Any CPU.ActiveCfg = Debug|Any CPU
		{133B5B08-A84C-44D4-AFA5-044D9CFC84ED}.Debug|Any CPU.Build.0 = Debug|Any CPU
		{133B5B08-A84C-44D4-AFA5-044D9CFC84ED}.Release|Any CPU.ActiveCfg = Release|Any CPU
		{133B5B08-A84C-44D4-AFA5-044D9CFC84ED}.Release|Any CPU.Build.0 = Release|Any CPU
		{C107DA0A-E2CC-40AC-88C1-1D61D0F45616}.Debug|Any CPU.ActiveCfg = Debug|Any CPU
		{C107DA0A-E2CC-40AC-88C1-1D61D0F45616}.Debug|Any CPU.Build.0 = Debug|Any CPU
		{C107DA0A-E2CC-40AC-88C1-1D61D0F45616}.Release|Any CPU.ActiveCfg = Release|Any CPU
		{C107DA0A-E2CC-40AC-88C1-1D61D0F45616}.Release|Any CPU.Build.0 = Release|Any CPU
		{AB14473E-C508-40F9-8CAE-0927DA23B669}.Debug|Any CPU.ActiveCfg = Debug|Any CPU
		{AB14473E-C508-40F9-8CAE-0927DA23B669}.Debug|Any CPU.Build.0 = Debug|Any CPU
		{AB14473E-C508-40F9-8CAE-0927DA23B669}.Release|Any CPU.ActiveCfg = Release|Any CPU
		{AB14473E-C508-40F9-8CAE-0927DA23B669}.Release|Any CPU.Build.0 = Release|Any CPU
		{A804222B-A424-49C5-9B6E-B306FFE53389}.Debug|Any CPU.ActiveCfg = Debug|Any CPU
		{A804222B-A424-49C5-9B6E-B306FFE53389}.Debug|Any CPU.Build.0 = Debug|Any CPU
		{A804222B-A424-49C5-9B6E-B306FFE53389}.Release|Any CPU.ActiveCfg = Release|Any CPU
		{A804222B-A424-49C5-9B6E-B306FFE53389}.Release|Any CPU.Build.0 = Release|Any CPU
		{A29E310A-4A0B-447A-98C8-9319770B6F52}.Debug|Any CPU.ActiveCfg = Debug|Any CPU
		{A29E310A-4A0B-447A-98C8-9319770B6F52}.Debug|Any CPU.Build.0 = Debug|Any CPU
		{A29E310A-4A0B-447A-98C8-9319770B6F52}.Release|Any CPU.ActiveCfg = Release|Any CPU
		{A29E310A-4A0B-447A-98C8-9319770B6F52}.Release|Any CPU.Build.0 = Release|Any CPU
	EndGlobalSection
	GlobalSection(SolutionProperties) = preSolution
		HideSolutionNode = FALSE
	EndGlobalSection
	GlobalSection(ExtensibilityGlobals) = postSolution
		SolutionGuid = {DB7F0555-302B-4A18-8802-BEA016E8F1BF}
	EndGlobalSection
EndGlobal
